
Microsoft Visual Studio Solution File, Format Version 12.00
Project("{FAE04EC0-301F-11D3-BF4B-00C04F79EFBC}") = "GraduateWorkApi", "GraduateWorkApi\GraduateWorkApi.csproj", "{3AE93A05-0294-4E15-8030-D98C6F6AAA13}"
EndProject
Global
	GlobalSection(SolutionConfigurationPlatforms) = preSolution
		Debug|Any CPU = Debug|Any CPU
		Release|Any CPU = Release|Any CPU
	EndGlobalSection
	GlobalSection(ProjectConfigurationPlatforms) = postSolution
		{3AE93A05-0294-4E15-8030-D98C6F6AAA13}.Debug|Any CPU.ActiveCfg = Debug|Any CPU
		{3AE93A05-0294-4E15-8030-D98C6F6AAA13}.Debug|Any CPU.Build.0 = Debug|Any CPU
		{3AE93A05-0294-4E15-8030-D98C6F6AAA13}.Release|Any CPU.ActiveCfg = Release|Any CPU
		{3AE93A05-0294-4E15-8030-D98C6F6AAA13}.Release|Any CPU.Build.0 = Release|Any CPU
	EndGlobalSection
EndGlobal
